
Microsoft Visual Studio Solution File, Format Version 12.00
# Visual Studio Version 17
VisualStudioVersion = 17.14.36414.22 d17.14
MinimumVisualStudioVersion = 10.0.40219.1
Project("{FAE04EC0-301F-11D3-BF4B-00C04F79EFBC}") = "UsingValidation", "UsingValidation\UsingValidation.csproj", "{600BEBB5-3104-448A-A458-B0702B2876A4}"
EndProject
Global
	GlobalSection(SolutionConfigurationPlatforms) = preSolution
		Debug|Any CPU = Debug|Any CPU
		Release|Any CPU = Release|Any CPU
	EndGlobalSection
	GlobalSection(ProjectConfigurationPlatforms) = postSolution
		{600BEBB5-3104-448A-A458-B0702B2876A4}.Debug|Any CPU.ActiveCfg = Debug|Any CPU
		{600BEBB5-3104-448A-A458-B0702B2876A4}.Debug|Any CPU.Build.0 = Debug|Any CPU
		{600BEBB5-3104-448A-A458-B0702B2876A4}.Release|Any CPU.ActiveCfg = Release|Any CPU
		{600BEBB5-3104-448A-A458-B0702B2876A4}.Release|Any CPU.Build.0 = Release|Any CPU
	EndGlobalSection
	GlobalSection(SolutionProperties) = preSolution
		HideSolutionNode = FALSE
	EndGlobalSection
	GlobalSection(ExtensibilityGlobals) = postSolution
		SolutionGuid = {2203B35B-3BB0-406E-A801-D970F282E2F6}
	EndGlobalSection
EndGlobal
